
Microsoft Visual Studio Solution File, Format Version 12.00
# Visual Studio Version 17
VisualStudioVersion = 17.9.34728.123
MinimumVisualStudioVersion = 10.0.40219.1
Project("{8BC9CEB8-8B4A-11D0-8D11-00A0C91BC942}") = "Task1", "Task1\Task1.vcxproj", "{C6DC3879-F735-4E11-88EE-F8D5DD23573A}"
EndProject
Project("{8BC9CEB8-8B4A-11D0-8D11-00A0C91BC942}") = "Task2", "Task2\Task2.vcxproj", "{BE64C501-A72F-42BD-8E9B-02F3BF2A0E28}"
EndProject
Project("{8BC9CEB8-8B4A-11D0-8D11-00A0C91BC942}") = "Task3", "Task3\Task3.vcxproj", "{6B4191BA-1A2C-4D53-9142-F14A605252AB}"
EndProject
Project("{8BC9CEB8-8B4A-11D0-8D11-00A0C91BC942}") = "Task4", "Task4\Task4.vcxproj", "{DCA0E02C-027D-4C89-A01C-A86FECA04A27}"
EndProject
Project("{8BC9CEB8-8B4A-11D0-8D11-00A0C91BC942}") = "Task5", "Task5\Task5.vcxproj", "{EA7E0688-7FB0-4C36-8D0B-BA4515CE3BC4}"
EndProject
Project("{8BC9CEB8-8B4A-11D0-8D11-00A0C91BC942}") = "Task6", "Task6\Task6.vcxproj", "{EFA971AA-F717-4D4C-910E-F563BBD0290F}"
EndProject
Project("{8BC9CEB8-8B4A-11D0-8D11-00A0C91BC942}") = "Task7", "Task7\Task7.vcxproj", "{64EA7DF7-4EC0-44E9-86B2-1287D232C60F}"
EndProject
Project("{8BC9CEB8-8B4A-11D0-8D11-00A0C91BC942}") = "Task8", "Task8\Task8.vcxproj", "{771F884D-8949-4455-B4C2-D64BA531DA40}"
EndProject
Project("{8BC9CEB8-8B4A-11D0-8D11-00A0C91BC942}") = "Task9", "Task9\Task9.vcxproj", "{23AA4192-EE50-4F57-9F7C-7D0ABDC70892}"
EndProject
Project("{8BC9CEB8-8B4A-11D0-8D11-00A0C91BC942}") = "Task10", "Task10\Task10.vcxproj", "{F73C9EDE-5F6F-493F-8EFD-21069B6A1BC1}"
EndProject
Project("{8BC9CEB8-8B4A-11D0-8D11-00A0C91BC942}") = "LinkedList", "LinkedList\LinkedList.vcxproj", "{2725C07B-4C8E-4E26-B4FB-A935E7353911}"
EndProject
Project("{8BC9CEB8-8B4A-11D0-8D11-00A0C91BC942}") = "Task11", "Task11\Task11.vcxproj", "{FDE7B8AA-5697-4AB1-A1EE-7C7AEC77D1B0}"
EndProject
Global
	GlobalSection(SolutionConfigurationPlatforms) = preSolution
		Debug|ARM64 = Debug|ARM64
		Debug|x64 = Debug|x64
		Debug|x86 = Debug|x86
		Release|ARM64 = Release|ARM64
		Release|x64 = Release|x64
		Release|x86 = Release|x86
	EndGlobalSection
	GlobalSection(ProjectConfigurationPlatforms) = postSolution
		{C6DC3879-F735-4E11-88EE-F8D5DD23573A}.Debug|ARM64.ActiveCfg = Debug|ARM64
		{C6DC3879-F735-4E11-88EE-F8D5DD23573A}.Debug|ARM64.Build.0 = Debug|ARM64
		{C6DC3879-F735-4E11-88EE-F8D5DD23573A}.Debug|x64.ActiveCfg = Debug|x64
		{C6DC3879-F735-4E11-88EE-F8D5DD23573A}.Debug|x64.Build.0 = Debug|x64
		{C6DC3879-F735-4E11-88EE-F8D5DD23573A}.Debug|x86.ActiveCfg = Debug|Win32
		{C6DC3879-F735-4E11-88EE-F8D5DD23573A}.Debug|x86.Build.0 = Debug|Win32
		{C6DC3879-F735-4E11-88EE-F8D5DD23573A}.Release|ARM64.ActiveCfg = Release|ARM64
		{C6DC3879-F735-4E11-88EE-F8D5DD23573A}.Release|ARM64.Build.0 = Release|ARM64
		{C6DC3879-F735-4E11-88EE-F8D5DD23573A}.Release|x64.ActiveCfg = Release|x64
		{C6DC3879-F735-4E11-88EE-F8D5DD23573A}.Release|x64.Build.0 = Release|x64
		{C6DC3879-F735-4E11-88EE-F8D5DD23573A}.Release|x86.ActiveCfg = Release|Win32
		{C6DC3879-F735-4E11-88EE-F8D5DD23573A}.Release|x86.Build.0 = Release|Win32
		{BE64C501-A72F-42BD-8E9B-02F3BF2A0E28}.Debug|ARM64.ActiveCfg = Debug|ARM64
		{BE64C501-A72F-42BD-8E9B-02F3BF2A0E28}.Debug|ARM64.Build.0 = Debug|ARM64
		{BE64C501-A72F-42BD-8E9B-02F3BF2A0E28}.Debug|x64.ActiveCfg = Debug|x64
		{BE64C501-A72F-42BD-8E9B-02F3BF2A0E28}.Debug|x64.Build.0 = Debug|x64
		{BE64C501-A72F-42BD-8E9B-02F3BF2A0E28}.Debug|x86.ActiveCfg = Debug|Win32
		{BE64C501-A72F-42BD-8E9B-02F3BF2A0E28}.Debug|x86.Build.0 = Debug|Win32
		{BE64C501-A72F-42BD-8E9B-02F3BF2A0E28}.Release|ARM64.ActiveCfg = Release|ARM64
		{BE64C501-A72F-42BD-8E9B-02F3BF2A0E28}.Release|ARM64.Build.0 = Release|ARM64
		{BE64C501-A72F-42BD-8E9B-02F3BF2A0E28}.Release|x64.ActiveCfg = Release|x64
		{BE64C501-A72F-42BD-8E9B-02F3BF2A0E28}.Release|x64.Build.0 = Release|x64
		{BE64C501-A72F-42BD-8E9B-02F3BF2A0E28}.Release|x86.ActiveCfg = Release|Win32
		{BE64C501-A72F-42BD-8E9B-02F3BF2A0E28}.Release|x86.Build.0 = Release|Win32
		{6B4191BA-1A2C-4D53-9142-F14A605252AB}.Debug|ARM64.ActiveCfg = Debug|ARM64
		{6B4191BA-1A2C-4D53-9142-F14A605252AB}.Debug|ARM64.Build.0 = Debug|ARM64
		{6B4191BA-1A2C-4D53-9142-F14A605252AB}.Debug|x64.ActiveCfg = Debug|x64
		{6B4191BA-1A2C-4D53-9142-F14A605252AB}.Debug|x64.Build.0 = Debug|x64
		{6B4191BA-1A2C-4D53-9142-F14A605252AB}.Debug|x86.ActiveCfg = Debug|Win32
		{6B4191BA-1A2C-4D53-9142-F14A605252AB}.Debug|x86.Build.0 = Debug|Win32
		{6B4191BA-1A2C-4D53-9142-F14A605252AB}.Release|ARM64.ActiveCfg = Release|ARM64
		{6B4191BA-1A2C-4D53-9142-F14A605252AB}.Release|ARM64.Build.0 = Release|ARM64
		{6B4191BA-1A2C-4D53-9142-F14A605252AB}.Release|x64.ActiveCfg = Release|x64
		{6B4191BA-1A2C-4D53-9142-F14A605252AB}.Release|x64.Build.0 = Release|x64
		{6B4191BA-1A2C-4D53-9142-F14A605252AB}.Release|x86.ActiveCfg = Release|Win32
		{6B4191BA-1A2C-4D53-9142-F14A605252AB}.Release|x86.Build.0 = Release|Win32
		{DCA0E02C-027D-4C89-A01C-A86FECA04A27}.Debug|ARM64.ActiveCfg = Debug|ARM64
		{DCA0E02C-027D-4C89-A01C-A86FECA04A27}.Debug|ARM64.Build.0 = Debug|ARM64
		{DCA0E02C-027D-4C89-A01C-A86FECA04A27}.Debug|x64.ActiveCfg = Debug|x64
		{DCA0E02C-027D-4C89-A01C-A86FECA04A27}.Debug|x64.Build.0 = Debug|x64
		{DCA0E02C-027D-4C89-A01C-A86FECA04A27}.Debug|x86.ActiveCfg = Debug|Win32
		{DCA0E02C-027D-4C89-A01C-A86FECA04A27}.Debug|x86.Build.0 = Debug|Win32
		{DCA0E02C-027D-4C89-A01C-A86FECA04A27}.Release|ARM64.ActiveCfg = Release|ARM64
		{DCA0E02C-027D-4C89-A01C-A86FECA04A27}.Release|ARM64.Build.0 = Release|ARM64
		{DCA0E02C-027D-4C89-A01C-A86FECA04A27}.Release|x64.ActiveCfg = Release|x64
		{DCA0E02C-027D-4C89-A01C-A86FECA04A27}.Release|x64.Build.0 = Release|x64
		{DCA0E02C-027D-4C89-A01C-A86FECA04A27}.Release|x86.ActiveCfg = Release|Win32
		{DCA0E02C-027D-4C89-A01C-A86FECA04A27}.Release|x86.Build.0 = Release|Win32
		{EA7E0688-7FB0-4C36-8D0B-BA4515CE3BC4}.Debug|ARM64.ActiveCfg = Debug|ARM64
		{EA7E0688-7FB0-4C36-8D0B-BA4515CE3BC4}.Debug|ARM64.Build.0 = Debug|ARM64
		{EA7E0688-7FB0-4C36-8D0B-BA4515CE3BC4}.Debug|x64.ActiveCfg = Debug|x64
		{EA7E0688-7FB0-4C36-8D0B-BA4515CE3BC4}.Debug|x64.Build.0 = Debug|x64
		{EA7E0688-7FB0-4C36-8D0B-BA4515CE3BC4}.Debug|x86.ActiveCfg = Debug|Win32
		{EA7E0688-7FB0-4C36-8D0B-BA4515CE3BC4}.Debug|x86.Build.0 = Debug|Win32
		{EA7E0688-7FB0-4C36-8D0B-BA4515CE3BC4}.Release|ARM64.ActiveCfg = Release|ARM64
		{EA7E0688-7FB0-4C36-8D0B-BA4515CE3BC4}.Release|ARM64.Build.0 = Release|ARM64
		{EA7E0688-7FB0-4C36-8D0B-BA4515CE3BC4}.Release|x64.ActiveCfg = Release|x64
		{EA7E0688-7FB0-4C36-8D0B-BA4515CE3BC4}.Release|x64.Build.0 = Release|x64
		{EA7E0688-7FB0-4C36-8D0B-BA4515CE3BC4}.Release|x86.ActiveCfg = Release|Win32
		{EA7E0688-7FB0-4C36-8D0B-BA4515CE3BC4}.Release|x86.Build.0 = Release|Win32
		{EFA971AA-F717-4D4C-910E-F563BBD0290F}.Debug|ARM64.ActiveCfg = Debug|ARM64
		{EFA971AA-F717-4D4C-910E-F563BBD0290F}.Debug|ARM64.Build.0 = Debug|ARM64
		{EFA971AA-F717-4D4C-910E-F563BBD0290F}.Debug|x64.ActiveCfg = Debug|x64
		{EFA971AA-F717-4D4C-910E-F563BBD0290F}.Debug|x64.Build.0 = Debug|x64
		{EFA971AA-F717-4D4C-910E-F563BBD0290F}.Debug|x86.ActiveCfg = Debug|Win32
		{EFA971AA-F717-4D4C-910E-F563BBD0290F}.Debug|x86.Build.0 = Debug|Win32
		{EFA971AA-F717-4D4C-910E-F563BBD0290F}.Release|ARM64.ActiveCfg = Release|ARM64
		{EFA971AA-F717-4D4C-910E-F563BBD0290F}.Release|ARM64.Build.0 = Release|ARM64
		{EFA971AA-F717-4D4C-910E-F563BBD0290F}.Release|x64.ActiveCfg = Release|x64
		{EFA971AA-F717-4D4C-910E-F563BBD0290F}.Release|x64.Build.0 = Release|x64
		{EFA971AA-F717-4D4C-910E-F563BBD0290F}.Release|x86.ActiveCfg = Release|Win32
		{EFA971AA-F717-4D4C-910E-F563BBD0290F}.Release|x86.Build.0 = Release|Win32
		{64EA7DF7-4EC0-44E9-86B2-1287D232C60F}.Debug|ARM64.ActiveCfg = Debug|x64
		{64EA7DF7-4EC0-44E9-86B2-1287D232C60F}.Debug|ARM64.Build.0 = Debug|x64
		{64EA7DF7-4EC0-44E9-86B2-1287D232C60F}.Debug|x64.ActiveCfg = Debug|x64
		{64EA7DF7-4EC0-44E9-86B2-1287D232C60F}.Debug|x64.Build.0 = Debug|x64
		{64EA7DF7-4EC0-44E9-86B2-1287D232C60F}.Debug|x86.ActiveCfg = Debug|Win32
		{64EA7DF7-4EC0-44E9-86B2-1287D232C60F}.Debug|x86.Build.0 = Debug|Win32
		{64EA7DF7-4EC0-44E9-86B2-1287D232C60F}.Release|ARM64.ActiveCfg = Release|x64
		{64EA7DF7-4EC0-44E9-86B2-1287D232C60F}.Release|ARM64.Build.0 = Release|x64
		{64EA7DF7-4EC0-44E9-86B2-1287D232C60F}.Release|x64.ActiveCfg = Release|x64
		{64EA7DF7-4EC0-44E9-86B2-1287D232C60F}.Release|x64.Build.0 = Release|x64
		{64EA7DF7-4EC0-44E9-86B2-1287D232C60F}.Release|x86.ActiveCfg = Release|Win32
		{64EA7DF7-4EC0-44E9-86B2-1287D232C60F}.Release|x86.Build.0 = Release|Win32
		{771F884D-8949-4455-B4C2-D64BA531DA40}.Debug|ARM64.ActiveCfg = Debug|x64
		{771F884D-8949-4455-B4C2-D64BA531DA40}.Debug|ARM64.Build.0 = Debug|x64
		{771F884D-8949-4455-B4C2-D64BA531DA40}.Debug|x64.ActiveCfg = Debug|x64
		{771F884D-8949-4455-B4C2-D64BA531DA40}.Debug|x64.Build.0 = Debug|x64
		{771F884D-8949-4455-B4C2-D64BA531DA40}.Debug|x86.ActiveCfg = Debug|Win32
		{771F884D-8949-4455-B4C2-D64BA531DA40}.Debug|x86.Build.0 = Debug|Win32
		{771F884D-8949-4455-B4C2-D64BA531DA40}.Release|ARM64.ActiveCfg = Release|x64
		{771F884D-8949-4455-B4C2-D64BA531DA40}.Release|ARM64.Build.0 = Release|x64
		{771F884D-8949-4455-B4C2-D64BA531DA40}.Release|x64.ActiveCfg = Release|x64
		{771F884D-8949-4455-B4C2-D64BA531DA40}.Release|x64.Build.0 = Release|x64
		{771F884D-8949-4455-B4C2-D64BA531DA40}.Release|x86.ActiveCfg = Release|Win32
		{771F884D-8949-4455-B4C2-D64BA531DA40}.Release|x86.Build.0 = Release|Win32
		{23AA4192-EE50-4F57-9F7C-7D0ABDC70892}.Debug|ARM64.ActiveCfg = Debug|x64
		{23AA4192-EE50-4F57-9F7C-7D0ABDC70892}.Debug|ARM64.Build.0 = Debug|x64
		{23AA4192-EE50-4F57-9F7C-7D0ABDC70892}.Debug|x64.ActiveCfg = Debug|x64
		{23AA4192-EE50-4F57-9F7C-7D0ABDC70892}.Debug|x64.Build.0 = Debug|x64
		{23AA4192-EE50-4F57-9F7C-7D0ABDC70892}.Debug|x86.ActiveCfg = Debug|Win32
		{23AA4192-EE50-4F57-9F7C-7D0ABDC70892}.Debug|x86.Build.0 = Debug|Win32
		{23AA4192-EE50-4F57-9F7C-7D0ABDC70892}.Release|ARM64.ActiveCfg = Release|x64
		{23AA4192-EE50-4F57-9F7C-7D0ABDC70892}.Release|ARM64.Build.0 = Release|x64
		{23AA4192-EE50-4F57-9F7C-7D0ABDC70892}.Release|x64.ActiveCfg = Release|x64
		{23AA4192-EE50-4F57-9F7C-7D0ABDC70892}.Release|x64.Build.0 = Release|x64
		{23AA4192-EE50-4F57-9F7C-7D0ABDC70892}.Release|x86.ActiveCfg = Release|Win32
		{23AA4192-EE50-4F57-9F7C-7D0ABDC70892}.Release|x86.Build.0 = Release|Win32
		{F73C9EDE-5F6F-493F-8EFD-21069B6A1BC1}.Debug|ARM64.ActiveCfg = Debug|x64
		{F73C9EDE-5F6F-493F-8EFD-21069B6A1BC1}.Debug|ARM64.Build.0 = Debug|x64
		{F73C9EDE-5F6F-493F-8EFD-21069B6A1BC1}.Debug|x64.ActiveCfg = Debug|x64
		{F73C9EDE-5F6F-493F-8EFD-21069B6A1BC1}.Debug|x64.Build.0 = Debug|x64
		{F73C9EDE-5F6F-493F-8EFD-21069B6A1BC1}.Debug|x86.ActiveCfg = Debug|Win32
		{F73C9EDE-5F6F-493F-8EFD-21069B6A1BC1}.Debug|x86.Build.0 = Debug|Win32
		{F73C9EDE-5F6F-493F-8EFD-21069B6A1BC1}.Release|ARM64.ActiveCfg = Release|x64
		{F73C9EDE-5F6F-493F-8EFD-21069B6A1BC1}.Release|ARM64.Build.0 = Release|x64
		{F73C9EDE-5F6F-493F-8EFD-21069B6A1BC1}.Release|x64.ActiveCfg = Release|x64
		{F73C9EDE-5F6F-493F-8EFD-21069B6A1BC1}.Release|x64.Build.0 = Release|x64
		{F73C9EDE-5F6F-493F-8EFD-21069B6A1BC1}.Release|x86.ActiveCfg = Release|Win32
		{F73C9EDE-5F6F-493F-8EFD-21069B6A1BC1}.Release|x86.Build.0 = Release|Win32
		{2725C07B-4C8E-4E26-B4FB-A935E7353911}.Debug|ARM64.ActiveCfg = Debug|x64
		{2725C07B-4C8E-4E26-B4FB-A935E7353911}.Debug|ARM64.Build.0 = Debug|x64
		{2725C07B-4C8E-4E26-B4FB-A935E7353911}.Debug|x64.ActiveCfg = Debug|x64
		{2725C07B-4C8E-4E26-B4FB-A935E7353911}.Debug|x64.Build.0 = Debug|x64
		{2725C07B-4C8E-4E26-B4FB-A935E7353911}.Debug|x86.ActiveCfg = Debug|Win32
		{2725C07B-4C8E-4E26-B4FB-A935E7353911}.Debug|x86.Build.0 = Debug|Win32
		{2725C07B-4C8E-4E26-B4FB-A935E7353911}.Release|ARM64.ActiveCfg = Release|x64
		{2725C07B-4C8E-4E26-B4FB-A935E7353911}.Release|ARM64.Build.0 = Release|x64
		{2725C07B-4C8E-4E26-B4FB-A935E7353911}.Release|x64.ActiveCfg = Release|x64
		{2725C07B-4C8E-4E26-B4FB-A935E7353911}.Release|x64.Build.0 = Release|x64
		{2725C07B-4C8E-4E26-B4FB-A935E7353911}.Release|x86.ActiveCfg = Release|Win32
		{2725C07B-4C8E-4E26-B4FB-A935E7353911}.Release|x86.Build.0 = Release|Win32
		{FDE7B8AA-5697-4AB1-A1EE-7C7AEC77D1B0}.Debug|ARM64.ActiveCfg = Debug|x64
		{FDE7B8AA-5697-4AB1-A1EE-7C7AEC77D1B0}.Debug|ARM64.Build.0 = Debug|x64
		{FDE7B8AA-5697-4AB1-A1EE-7C7AEC77D1B0}.Debug|x64.ActiveCfg = Debug|x64
		{FDE7B8AA-5697-4AB1-A1EE-7C7AEC77D1B0}.Debug|x64.Build.0 = Debug|x64
		{FDE7B8AA-5697-4AB1-A1EE-7C7AEC77D1B0}.Debug|x86.ActiveCfg = Debug|Win32
		{FDE7B8AA-5697-4AB1-A1EE-7C7AEC77D1B0}.Debug|x86.Build.0 = Debug|Win32
		{FDE7B8AA-5697-4AB1-A1EE-7C7AEC77D1B0}.Release|ARM64.ActiveCfg = Release|x64
		{FDE7B8AA-5697-4AB1-A1EE-7C7AEC77D1B0}.Release|ARM64.Build.0 = Release|x64
		{FDE7B8AA-5697-4AB1-A1EE-7C7AEC77D1B0}.Release|x64.ActiveCfg = Release|x64
		{FDE7B8AA-5697-4AB1-A1EE-7C7AEC77D1B0}.Release|x64.Build.0 = Release|x64
		{FDE7B8AA-5697-4AB1-A1EE-7C7AEC77D1B0}.Release|x86.ActiveCfg = Release|Win32
		{FDE7B8AA-5697-4AB1-A1EE-7C7AEC77D1B0}.Release|x86.Build.0 = Release|Win32
	EndGlobalSection
	GlobalSection(SolutionProperties) = preSolution
		HideSolutionNode = FALSE
	EndGlobalSection
	GlobalSection(ExtensibilityGlobals) = postSolution
		SolutionGuid = {1B5E01C6-3993-4623-9F93-0408D22A9FDD}
	EndGlobalSection
EndGlobal
